
Microsoft Visual Studio Solution File, Format Version 12.00
# Visual Studio 14
VisualStudioVersion = 14.0.25123.0
MinimumVisualStudioVersion = 10.0.40219.1
Project("{FAE04EC0-301F-11D3-BF4B-00C04F79EFBC}") = "HelthSystem", "HelthSystem\HelthSystem.csproj", "{A8ED57CF-437B-47FD-B104-E60F28968EC7}"
EndProject
Project("{FAE04EC0-301F-11D3-BF4B-00C04F79EFBC}") = "DataAccess", "DataAccess\DataAccess.csproj", "{605A4F94-1C85-47A4-93F4-CF0B46FA2D8D}"
EndProject
Project("{FAE04EC0-301F-11D3-BF4B-00C04F79EFBC}") = "HealthSystemAPI", "HealthSystemAPI\HealthSystemAPI.csproj", "{1265C5B7-AC7E-4653-AE40-95DD50503F9B}"
EndProject
Global
	GlobalSection(SolutionConfigurationPlatforms) = preSolution
		Debug|Any CPU = Debug|Any CPU
		Release|Any CPU = Release|Any CPU
	EndGlobalSection
	GlobalSection(ProjectConfigurationPlatforms) = postSolution
		{A8ED57CF-437B-47FD-B104-E60F28968EC7}.Debug|Any CPU.ActiveCfg = Debug|Any CPU
		{A8ED57CF-437B-47FD-B104-E60F28968EC7}.Debug|Any CPU.Build.0 = Debug|Any CPU
		{A8ED57CF-437B-47FD-B104-E60F28968EC7}.Release|Any CPU.ActiveCfg = Release|Any CPU
		{A8ED57CF-437B-47FD-B104-E60F28968EC7}.Release|Any CPU.Build.0 = Release|Any CPU
		{605A4F94-1C85-47A4-93F4-CF0B46FA2D8D}.Debug|Any CPU.ActiveCfg = Debug|Any CPU
		{605A4F94-1C85-47A4-93F4-CF0B46FA2D8D}.Debug|Any CPU.Build.0 = Debug|Any CPU
		{605A4F94-1C85-47A4-93F4-CF0B46FA2D8D}.Release|Any CPU.ActiveCfg = Release|Any CPU
		{605A4F94-1C85-47A4-93F4-CF0B46FA2D8D}.Release|Any CPU.Build.0 = Release|Any CPU
		{1265C5B7-AC7E-4653-AE40-95DD50503F9B}.Debug|Any CPU.ActiveCfg = Debug|Any CPU
		{1265C5B7-AC7E-4653-AE40-95DD50503F9B}.Debug|Any CPU.Build.0 = Debug|Any CPU
		{1265C5B7-AC7E-4653-AE40-95DD50503F9B}.Release|Any CPU.ActiveCfg = Release|Any CPU
		{1265C5B7-AC7E-4653-AE40-95DD50503F9B}.Release|Any CPU.Build.0 = Release|Any CPU
	EndGlobalSection
	GlobalSection(SolutionProperties) = preSolution
		HideSolutionNode = FALSE
	EndGlobalSection
EndGlobal
